
Microsoft Visual Studio Solution File, Format Version 12.00
# Visual Studio Version 17
VisualStudioVersion = 17.9.34701.34
MinimumVisualStudioVersion = 10.0.40219.1
Project("{FAE04EC0-301F-11D3-BF4B-00C04F79EFBC}") = "EmployeeManagement", "EmployeeManagement\EmployeeManagement.csproj", "{20215C87-0A11-42D9-A2D8-E57962251245}"
EndProject
Project("{FAE04EC0-301F-11D3-BF4B-00C04F79EFBC}") = "EmployeeModels", "EmployeeModels\EmployeeModels.csproj", "{9DC38F49-4F60-4C74-8C74-2A0182B55743}"
EndProject
Project("{FAE04EC0-301F-11D3-BF4B-00C04F79EFBC}") = "EmployeeRepositorys", "EmployeeRepositorys\EmployeeRepositorys.csproj", "{14862C1D-43FE-42DA-85F8-24D68847E7CE}"
EndProject
Project("{FAE04EC0-301F-11D3-BF4B-00C04F79EFBC}") = "EmployeeServices", "EmployeeServices\EmployeeServices.csproj", "{BEA5CE7D-7F6C-4523-95C9-71705E162E25}"
EndProject
Global
	GlobalSection(SolutionConfigurationPlatforms) = preSolution
		Debug|Any CPU = Debug|Any CPU
		Release|Any CPU = Release|Any CPU
	EndGlobalSection
	GlobalSection(ProjectConfigurationPlatforms) = postSolution
		{20215C87-0A11-42D9-A2D8-E57962251245}.Debug|Any CPU.ActiveCfg = Debug|Any CPU
		{20215C87-0A11-42D9-A2D8-E57962251245}.Debug|Any CPU.Build.0 = Debug|Any CPU
		{20215C87-0A11-42D9-A2D8-E57962251245}.Release|Any CPU.ActiveCfg = Release|Any CPU
		{20215C87-0A11-42D9-A2D8-E57962251245}.Release|Any CPU.Build.0 = Release|Any CPU
		{9DC38F49-4F60-4C74-8C74-2A0182B55743}.Debug|Any CPU.ActiveCfg = Debug|Any CPU
		{9DC38F49-4F60-4C74-8C74-2A0182B55743}.Debug|Any CPU.Build.0 = Debug|Any CPU
		{9DC38F49-4F60-4C74-8C74-2A0182B55743}.Release|Any CPU.ActiveCfg = Release|Any CPU
		{9DC38F49-4F60-4C74-8C74-2A0182B55743}.Release|Any CPU.Build.0 = Release|Any CPU
		{14862C1D-43FE-42DA-85F8-24D68847E7CE}.Debug|Any CPU.ActiveCfg = Debug|Any CPU
		{14862C1D-43FE-42DA-85F8-24D68847E7CE}.Debug|Any CPU.Build.0 = Debug|Any CPU
		{14862C1D-43FE-42DA-85F8-24D68847E7CE}.Release|Any CPU.ActiveCfg = Release|Any CPU
		{14862C1D-43FE-42DA-85F8-24D68847E7CE}.Release|Any CPU.Build.0 = Release|Any CPU
		{BEA5CE7D-7F6C-4523-95C9-71705E162E25}.Debug|Any CPU.ActiveCfg = Debug|Any CPU
		{BEA5CE7D-7F6C-4523-95C9-71705E162E25}.Debug|Any CPU.Build.0 = Debug|Any CPU
		{BEA5CE7D-7F6C-4523-95C9-71705E162E25}.Release|Any CPU.ActiveCfg = Release|Any CPU
		{BEA5CE7D-7F6C-4523-95C9-71705E162E25}.Release|Any CPU.Build.0 = Release|Any CPU
	EndGlobalSection
	GlobalSection(SolutionProperties) = preSolution
		HideSolutionNode = FALSE
	EndGlobalSection
	GlobalSection(ExtensibilityGlobals) = postSolution
		SolutionGuid = {DF6D279E-6A33-4822-B408-E412286221B3}
	EndGlobalSection
EndGlobal
